
Microsoft Visual Studio Solution File, Format Version 12.00
# Visual Studio Version 16
VisualStudioVersion = 16.0.31112.23
MinimumVisualStudioVersion = 10.0.40219.1
Project("{9A19103F-16F7-4668-BE54-9A1E7A4F7556}") = "RageServer", "RageServer\RageServer.csproj", "{9C3CEB58-1924-4B71-AB38-4FD0E3E1A234}"
EndProject
Project("{9A19103F-16F7-4668-BE54-9A1E7A4F7556}") = "RageServer.Data", "RageServer.Data\RageServer.Data.csproj", "{D3BB5237-DA6D-4573-BD74-531FB99D5B0B}"
EndProject
Project("{FAE04EC0-301F-11D3-BF4B-00C04F79EFBC}") = "RageClient", "RageClient\RageClient.csproj", "{10E8AD63-B3FF-4601-A480-B204DA4E9E6C}"
EndProject
Global
	GlobalSection(SolutionConfigurationPlatforms) = preSolution
		Debug|Any CPU = Debug|Any CPU
		Release|Any CPU = Release|Any CPU
	EndGlobalSection
	GlobalSection(ProjectConfigurationPlatforms) = postSolution
		{9C3CEB58-1924-4B71-AB38-4FD0E3E1A234}.Debug|Any CPU.ActiveCfg = Debug|Any CPU
		{9C3CEB58-1924-4B71-AB38-4FD0E3E1A234}.Debug|Any CPU.Build.0 = Debug|Any CPU
		{9C3CEB58-1924-4B71-AB38-4FD0E3E1A234}.Release|Any CPU.ActiveCfg = Release|Any CPU
		{9C3CEB58-1924-4B71-AB38-4FD0E3E1A234}.Release|Any CPU.Build.0 = Release|Any CPU
		{D3BB5237-DA6D-4573-BD74-531FB99D5B0B}.Debug|Any CPU.ActiveCfg = Debug|Any CPU
		{D3BB5237-DA6D-4573-BD74-531FB99D5B0B}.Debug|Any CPU.Build.0 = Debug|Any CPU
		{D3BB5237-DA6D-4573-BD74-531FB99D5B0B}.Release|Any CPU.ActiveCfg = Release|Any CPU
		{D3BB5237-DA6D-4573-BD74-531FB99D5B0B}.Release|Any CPU.Build.0 = Release|Any CPU
		{10E8AD63-B3FF-4601-A480-B204DA4E9E6C}.Debug|Any CPU.ActiveCfg = Debug|Any CPU
		{10E8AD63-B3FF-4601-A480-B204DA4E9E6C}.Debug|Any CPU.Build.0 = Debug|Any CPU
		{10E8AD63-B3FF-4601-A480-B204DA4E9E6C}.Release|Any CPU.ActiveCfg = Release|Any CPU
		{10E8AD63-B3FF-4601-A480-B204DA4E9E6C}.Release|Any CPU.Build.0 = Release|Any CPU
	EndGlobalSection
	GlobalSection(SolutionProperties) = preSolution
		HideSolutionNode = FALSE
	EndGlobalSection
	GlobalSection(ExtensibilityGlobals) = postSolution
		SolutionGuid = {23DFC6E5-D418-4BB3-8A54-61D21A2AA11D}
	EndGlobalSection
EndGlobal
